{
    "name": "fix_engine",
    "version": "1.0.0",
    "lockfileVersion": 2,
    "requires": true,
    "packages": {
        "": {
            "name": "fix_engine",
            "version": "1.0.0",
            "devDependencies": {
                "@types/node": "^16.0.1",
                "typescript": "^4.3.4"
            }
        },
        "node_modules/@types/node": {
            "version": "16.11.17",
            "resolved": "https://registry.npmmirror.com/@types/node/download/@types/node-16.11.17.tgz",
            "integrity": "sha512-C1vTZME8cFo8uxY2ui41xcynEotVkczIVI5AjLmy5pkpBv/FtG+jhtOlfcPysI8VRVwoOMv6NJm44LGnoMSWkw==",
            "dev": true
        },
        "node_modules/typescript": {
            "version": "4.5.4",
            "resolved": "https://registry.npmmirror.com/typescript/download/typescript-4.5.4.tgz",
            "integrity": "sha512-VgYs2A2QIRuGphtzFV7aQJduJ2gyfTljngLzjpfW9FoYZF6xuw1W0vW9ghCKLfcWrCFxK81CSGRAvS1pn4fIUg==",
            "dev": true,
            "bin": {
                "tsc": "bin/tsc",
                "tsserver": "bin/tsserver"
            },
            "engines": {
                "node": ">=4.2.0"
            }
        }
    },
    "dependencies": {
        "@types/node": {
            "version": "16.11.17",
            "resolved": "https://registry.npmmirror.com/@types/node/download/@types/node-16.11.17.tgz",
            "integrity": "sha512-C1vTZME8cFo8uxY2ui41xcynEotVkczIVI5AjLmy5pkpBv/FtG+jhtOlfcPysI8VRVwoOMv6NJm44LGnoMSWkw==",
            "dev": true
        },
        "typescript": {
            "version": "4.5.4",
            "resolved": "https://registry.npmmirror.com/typescript/download/typescript-4.5.4.tgz",
            "integrity": "sha512-VgYs2A2QIRuGphtzFV7aQJduJ2gyfTljngLzjpfW9FoYZF6xuw1W0vW9ghCKLfcWrCFxK81CSGRAvS1pn4fIUg==",
            "dev": true
        }
    }
}
