{
    "requires": true,
    "lockfileVersion": 1,
    "dependencies": {
        "core-util-is": {
            "version": "1.0.3",
            "resolved": "https://registry.nlark.com/core-util-is/download/core-util-is-1.0.3.tgz",
            "integrity": "sha1-pgQtNjTCsn6TKPg3uWX6yDgI24U="
        },
        "immediate": {
            "version": "3.0.6",
            "resolved": "https://registry.npm.taobao.org/immediate/download/immediate-3.0.6.tgz",
            "integrity": "sha1-nbHb0Pr43m++D13V5Wu2BigN5ps="
        },
        "inherits": {
            "version": "2.0.4",
            "resolved": "https://registry.nlark.com/inherits/download/inherits-2.0.4.tgz",
            "integrity": "sha1-D6LGT5MpF8NDOg3tVTY6rjdBa3w="
        },
        "isarray": {
            "version": "1.0.0",
            "resolved": "https://registry.npm.taobao.org/isarray/download/isarray-1.0.0.tgz",
            "integrity": "sha1-u5NdSFgsuhaMBoNJV6VKPgcSTxE="
        },
        "jszip": {
            "version": "3.7.1",
            "resolved": "https://registry.nlark.com/jszip/download/jszip-3.7.1.tgz",
            "integrity": "sha1-vWNAEiHBViWhIoxVbKimjab9o9k=",
            "requires": {
                "lie": "~3.3.0",
                "pako": "~1.0.2",
                "readable-stream": "~2.3.6",
                "set-immediate-shim": "~1.0.1"
            }
        },
        "lie": {
            "version": "3.3.0",
            "resolved": "https://registry.npm.taobao.org/lie/download/lie-3.3.0.tgz",
            "integrity": "sha1-3Pgt7lRfRgdNryAMfBxaCOD0D2o=",
            "requires": {
                "immediate": "~3.0.5"
            }
        },
        "pako": {
            "version": "1.0.11",
            "resolved": "https://registry.nlark.com/pako/download/pako-1.0.11.tgz?cache=0&sync_timestamp=1627560125189&other_urls=https%3A%2F%2Fregistry.nlark.com%2Fpako%2Fdownload%2Fpako-1.0.11.tgz",
            "integrity": "sha1-bJWZ00DVTf05RjgCUqNXBaa5kr8="
        },
        "process-nextick-args": {
            "version": "2.0.1",
            "resolved": "https://registry.npm.taobao.org/process-nextick-args/download/process-nextick-args-2.0.1.tgz",
            "integrity": "sha1-eCDZsWEgzFXKmud5JoCufbptf+I="
        },
        "readable-stream": {
            "version": "2.3.7",
            "resolved": "https://registry.nlark.com/readable-stream/download/readable-stream-2.3.7.tgz",
            "integrity": "sha1-Hsoc9xGu+BTAT2IlKjamL2yyO1c=",
            "requires": {
                "core-util-is": "~1.0.0",
                "inherits": "~2.0.3",
                "isarray": "~1.0.0",
                "process-nextick-args": "~2.0.0",
                "safe-buffer": "~5.1.1",
                "string_decoder": "~1.1.1",
                "util-deprecate": "~1.0.1"
            }
        },
        "safe-buffer": {
            "version": "5.1.2",
            "resolved": "https://registry.npm.taobao.org/safe-buffer/download/safe-buffer-5.1.2.tgz?cache=0&sync_timestamp=1599054209520&other_urls=https%3A%2F%2Fregistry.npm.taobao.org%2Fsafe-buffer%2Fdownload%2Fsafe-buffer-5.1.2.tgz",
            "integrity": "sha1-mR7GnSluAxN0fVm9/St0XDX4go0="
        },
        "set-immediate-shim": {
            "version": "1.0.1",
            "resolved": "https://registry.nlark.com/set-immediate-shim/download/set-immediate-shim-1.0.1.tgz",
            "integrity": "sha1-SysbJ+uAip+NzEgaWOXlb1mfP2E="
        },
        "string_decoder": {
            "version": "1.1.1",
            "resolved": "https://registry.npm.taobao.org/string_decoder/download/string_decoder-1.1.1.tgz",
            "integrity": "sha1-nPFhG6YmhdcDCunkujQUnDrwP8g=",
            "requires": {
                "safe-buffer": "~5.1.0"
            }
        },
        "util-deprecate": {
            "version": "1.0.2",
            "resolved": "https://registry.npmmirror.com/util-deprecate/download/util-deprecate-1.0.2.tgz",
            "integrity": "sha1-RQ1Nyfpw3nMnYvvS1KKJgUGaDM8="
        }
    }
}
